// !$*UTF8*$!
{
	archiveVersion = 1;
	classes = {
	};
	objectVersion = 55;
	objects = {

/* Begin PBXBuildFile section */
		169D9E1C28E61D118002BF9D /* Pods_MyDietDiaryApp.framework in Frameworks */ = {isa = PBXBuildFile; fileRef = 09B3AD4783A7A752B0E71026 /* Pods_MyDietDiaryApp.framework */; };
		1AA66ED5B17579E5FDA1BEB3 /* Pods_MyDietDiaryAppTests.framework in Frameworks */ = {isa = PBXBuildFile; fileRef = BF6E45962AF6BFD19EBFB58C /* Pods_MyDietDiaryAppTests.framework */; };
		9B31B33027906A0A00741638 /* Date+Extension.swift in Sources */ = {isa = PBXBuildFile; fileRef = 9B31B32F27906A0A00741638 /* Date+Extension.swift */; };
		9B3D30882783AC0A00C3B067 /* WeightRecored.swift in Sources */ = {isa = PBXBuildFile; fileRef = 9B3D30872783AC0A00C3B067 /* WeightRecored.swift */; };
		9B93FCA92779F9DF00803088 /* AppDelegate.swift in Sources */ = {isa = PBXBuildFile; fileRef = 9B93FCA82779F9DF00803088 /* AppDelegate.swift */; };
		9B93FCAB2779F9DF00803088 /* SceneDelegate.swift in Sources */ = {isa = PBXBuildFile; fileRef = 9B93FCAA2779F9DF00803088 /* SceneDelegate.swift */; };
		9B93FCAD2779F9DF00803088 /* ViewController.swift in Sources */ = {isa = PBXBuildFile; fileRef = 9B93FCAC2779F9DF00803088 /* ViewController.swift */; };
		9B93FCB02779F9DF00803088 /* Main.storyboard in Resources */ = {isa = PBXBuildFile; fileRef = 9B93FCAE2779F9DF00803088 /* Main.storyboard */; };
		9B93FCB22779F9E000803088 /* Assets.xcassets in Resources */ = {isa = PBXBuildFile; fileRef = 9B93FCB12779F9E000803088 /* Assets.xcassets */; };
		9B93FCB52779F9E000803088 /* LaunchScreen.storyboard in Resources */ = {isa = PBXBuildFile; fileRef = 9B93FCB32779F9E000803088 /* LaunchScreen.storyboard */; };
		9B93FCC02779F9E000803088 /* MyDietDiaryAppTests.swift in Sources */ = {isa = PBXBuildFile; fileRef = 9B93FCBF2779F9E000803088 /* MyDietDiaryAppTests.swift */; };
		9B93FCCA2779F9E000803088 /* MyDietDiaryAppUITests.swift in Sources */ = {isa = PBXBuildFile; fileRef = 9B93FCC92779F9E000803088 /* MyDietDiaryAppUITests.swift */; };
		9B93FCCC2779F9E000803088 /* MyDietDiaryAppUITestsLaunchTests.swift in Sources */ = {isa = PBXBuildFile; fileRef = 9B93FCCB2779F9E000803088 /* MyDietDiaryAppUITestsLaunchTests.swift */; };
		9B93FCD92779FACB00803088 /* MainTabBarController.swift in Sources */ = {isa = PBXBuildFile; fileRef = 9B93FCD82779FACB00803088 /* MainTabBarController.swift */; };
		9B93FCDB2779FBD900803088 /* CalenderViewController.swift in Sources */ = {isa = PBXBuildFile; fileRef = 9B93FCDA2779FBD900803088 /* CalenderViewController.swift */; };
		9B93FCDD2779FBFF00803088 /* GraphViewController.swift in Sources */ = {isa = PBXBuildFile; fileRef = 9B93FCDC2779FBFF00803088 /* GraphViewController.swift */; };
		9BC4A3E1277D9DB700EDCE33 /* EditorViewController.storyboard in Resources */ = {isa = PBXBuildFile; fileRef = 9BC4A3E0277D9DB700EDCE33 /* EditorViewController.storyboard */; };
		9BC4A3E3277D9E4E00EDCE33 /* EditorViewController.swift in Sources */ = {isa = PBXBuildFile; fileRef = 9BC4A3E2277D9E4E00EDCE33 /* EditorViewController.swift */; };
		9CF2090EBECBA521B6C75A28 /* Pods_MyDietDiaryApp_MyDietDiaryAppUITests.framework in Frameworks */ = {isa = PBXBuildFile; fileRef = 6BEA8A580D6DFF7CED3E8DF7 /* Pods_MyDietDiaryApp_MyDietDiaryAppUITests.framework */; };
/* End PBXBuildFile section */

/* Begin PBXContainerItemProxy section */
		9B93FCBC2779F9E000803088 /* PBXContainerItemProxy */ = {
			isa = PBXContainerItemProxy;
			containerPortal = 9B93FC9D2779F9DF00803088 /* Project object */;
			proxyType = 1;
			remoteGlobalIDString = 9B93FCA42779F9DF00803088;
			remoteInfo = MyDietDiaryApp;
		};
		9B93FCC62779F9E000803088 /* PBXContainerItemProxy */ = {
			isa = PBXContainerItemProxy;
			containerPortal = 9B93FC9D2779F9DF00803088 /* Project object */;
			proxyType = 1;
			remoteGlobalIDString = 9B93FCA42779F9DF00803088;
			remoteInfo = MyDietDiaryApp;
		};
/* End PBXContainerItemProxy section */

/* Begin PBXFileReference section */
		09B3AD4783A7A752B0E71026 /* Pods_MyDietDiaryApp.framework */ = {isa = PBXFileReference; explicitFileType = wrapper.framework; includeInIndex = 0; path = Pods_MyDietDiaryApp.framework; sourceTree = BUILT_PRODUCTS_DIR; };
		3291C423E7C8DF48C59175F7 /* Pods-MyDietDiaryApp.debug.xcconfig */ = {isa = PBXFileReference; includeInIndex = 1; lastKnownFileType = text.xcconfig; name = "Pods-MyDietDiaryApp.debug.xcconfig"; path = "Target Support Files/Pods-MyDietDiaryApp/Pods-MyDietDiaryApp.debug.xcconfig"; sourceTree = "<group>"; };
		65D1182A5BBB69E2396C199C /* Pods-MyDietDiaryApp-MyDietDiaryAppUITests.release.xcconfig */ = {isa = PBXFileReference; includeInIndex = 1; lastKnownFileType = text.xcconfig; name = "Pods-MyDietDiaryApp-MyDietDiaryAppUITests.release.xcconfig"; path = "Target Support Files/Pods-MyDietDiaryApp-MyDietDiaryAppUITests/Pods-MyDietDiaryApp-MyDietDiaryAppUITests.release.xcconfig"; sourceTree = "<group>"; };
		6BEA8A580D6DFF7CED3E8DF7 /* Pods_MyDietDiaryApp_MyDietDiaryAppUITests.framework */ = {isa = PBXFileReference; explicitFileType = wrapper.framework; includeInIndex = 0; path = Pods_MyDietDiaryApp_MyDietDiaryAppUITests.framework; sourceTree = BUILT_PRODUCTS_DIR; };
		9B258B7A3509117B9878F72D /* Pods-MyDietDiaryApp.release.xcconfig */ = {isa = PBXFileReference; includeInIndex = 1; lastKnownFileType = text.xcconfig; name = "Pods-MyDietDiaryApp.release.xcconfig"; path = "Target Support Files/Pods-MyDietDiaryApp/Pods-MyDietDiaryApp.release.xcconfig"; sourceTree = "<group>"; };
		9B31B32F27906A0A00741638 /* Date+Extension.swift */ = {isa = PBXFileReference; lastKnownFileType = sourcecode.swift; path = "Date+Extension.swift"; sourceTree = "<group>"; };
		9B3D30872783AC0A00C3B067 /* WeightRecored.swift */ = {isa = PBXFileReference; lastKnownFileType = sourcecode.swift; path = WeightRecored.swift; sourceTree = "<group>"; };
		9B93FCA52779F9DF00803088 /* MyDietDiaryApp.app */ = {isa = PBXFileReference; explicitFileType = wrapper.application; includeInIndex = 0; path = MyDietDiaryApp.app; sourceTree = BUILT_PRODUCTS_DIR; };
		9B93FCA82779F9DF00803088 /* AppDelegate.swift */ = {isa = PBXFileReference; lastKnownFileType = sourcecode.swift; path = AppDelegate.swift; sourceTree = "<group>"; };
		9B93FCAA2779F9DF00803088 /* SceneDelegate.swift */ = {isa = PBXFileReference; lastKnownFileType = sourcecode.swift; path = SceneDelegate.swift; sourceTree = "<group>"; };
		9B93FCAC2779F9DF00803088 /* ViewController.swift */ = {isa = PBXFileReference; lastKnownFileType = sourcecode.swift; path = ViewController.swift; sourceTree = "<group>"; };
		9B93FCAF2779F9DF00803088 /* Base */ = {isa = PBXFileReference; lastKnownFileType = file.storyboard; name = Base; path = Base.lproj/Main.storyboard; sourceTree = "<group>"; };
		9B93FCB12779F9E000803088 /* Assets.xcassets */ = {isa = PBXFileReference; lastKnownFileType = folder.assetcatalog; path = Assets.xcassets; sourceTree = "<group>"; };
		9B93FCB42779F9E000803088 /* Base */ = {isa = PBXFileReference; lastKnownFileType = file.storyboard; name = Base; path = Base.lproj/LaunchScreen.storyboard; sourceTree = "<group>"; };
		9B93FCB62779F9E000803088 /* Info.plist */ = {isa = PBXFileReference; lastKnownFileType = text.plist.xml; path = Info.plist; sourceTree = "<group>"; };
		9B93FCBB2779F9E000803088 /* MyDietDiaryAppTests.xctest */ = {isa = PBXFileReference; explicitFileType = wrapper.cfbundle; includeInIndex = 0; path = MyDietDiaryAppTests.xctest; sourceTree = BUILT_PRODUCTS_DIR; };
		9B93FCBF2779F9E000803088 /* MyDietDiaryAppTests.swift */ = {isa = PBXFileReference; lastKnownFileType = sourcecode.swift; path = MyDietDiaryAppTests.swift; sourceTree = "<group>"; };
		9B93FCC52779F9E000803088 /* MyDietDiaryAppUITests.xctest */ = {isa = PBXFileReference; explicitFileType = wrapper.cfbundle; includeInIndex = 0; path = MyDietDiaryAppUITests.xctest; sourceTree = BUILT_PRODUCTS_DIR; };
		9B93FCC92779F9E000803088 /* MyDietDiaryAppUITests.swift */ = {isa = PBXFileReference; lastKnownFileType = sourcecode.swift; path = MyDietDiaryAppUITests.swift; sourceTree = "<group>"; };
		9B93FCCB2779F9E000803088 /* MyDietDiaryAppUITestsLaunchTests.swift */ = {isa = PBXFileReference; lastKnownFileType = sourcecode.swift; path = MyDietDiaryAppUITestsLaunchTests.swift; sourceTree = "<group>"; };
		9B93FCD82779FACB00803088 /* MainTabBarController.swift */ = {isa = PBXFileReference; lastKnownFileType = sourcecode.swift; path = MainTabBarController.swift; sourceTree = "<group>"; };
		9B93FCDA2779FBD900803088 /* CalenderViewController.swift */ = {isa = PBXFileReference; lastKnownFileType = sourcecode.swift; path = CalenderViewController.swift; sourceTree = "<group>"; };
		9B93FCDC2779FBFF00803088 /* GraphViewController.swift */ = {isa = PBXFileReference; lastKnownFileType = sourcecode.swift; path = GraphViewController.swift; sourceTree = "<group>"; };
		9BC4A3E0277D9DB700EDCE33 /* EditorViewController.storyboard */ = {isa = PBXFileReference; lastKnownFileType = file.storyboard; path = EditorViewController.storyboard; sourceTree = "<group>"; };
		9BC4A3E2277D9E4E00EDCE33 /* EditorViewController.swift */ = {isa = PBXFileReference; lastKnownFileType = sourcecode.swift; path = EditorViewController.swift; sourceTree = "<group>"; };
		A3631C847A76B6B0A19CF55B /* Pods-MyDietDiaryAppTests.release.xcconfig */ = {isa = PBXFileReference; includeInIndex = 1; lastKnownFileType = text.xcconfig; name = "Pods-MyDietDiaryAppTests.release.xcconfig"; path = "Target Support Files/Pods-MyDietDiaryAppTests/Pods-MyDietDiaryAppTests.release.xcconfig"; sourceTree = "<group>"; };
		A672A8BFA68A0AA48876DA00 /* Pods-MyDietDiaryApp-MyDietDiaryAppUITests.debug.xcconfig */ = {isa = PBXFileReference; includeInIndex = 1; lastKnownFileType = text.xcconfig; name = "Pods-MyDietDiaryApp-MyDietDiaryAppUITests.debug.xcconfig"; path = "Target Support Files/Pods-MyDietDiaryApp-MyDietDiaryAppUITests/Pods-MyDietDiaryApp-MyDietDiaryAppUITests.debug.xcconfig"; sourceTree = "<group>"; };
		BF6E45962AF6BFD19EBFB58C /* Pods_MyDietDiaryAppTests.framework */ = {isa = PBXFileReference; explicitFileType = wrapper.framework; includeInIndex = 0; path = Pods_MyDietDiaryAppTests.framework; sourceTree = BUILT_PRODUCTS_DIR; };
		D781A8CB79C1E22C42438A29 /* Pods-MyDietDiaryAppTests.debug.xcconfig */ = {isa = PBXFileReference; includeInIndex = 1; lastKnownFileType = text.xcconfig; name = "Pods-MyDietDiaryAppTests.debug.xcconfig"; path = "Target Support Files/Pods-MyDietDiaryAppTests/Pods-MyDietDiaryAppTests.debug.xcconfig"; sourceTree = "<group>"; };
/* End PBXFileReference section */

/* Begin PBXFrameworksBuildPhase section */
		9B93FCA22779F9DF00803088 /* Frameworks */ = {
			isa = PBXFrameworksBuildPhase;
			buildActionMask = 2147483647;
			files = (
				169D9E1C28E61D118002BF9D /* Pods_MyDietDiaryApp.framework in Frameworks */,
			);
			runOnlyForDeploymentPostprocessing = 0;
		};
		9B93FCB82779F9E000803088 /* Frameworks */ = {
			isa = PBXFrameworksBuildPhase;
			buildActionMask = 2147483647;
			files = (
				1AA66ED5B17579E5FDA1BEB3 /* Pods_MyDietDiaryAppTests.framework in Frameworks */,
			);
			runOnlyForDeploymentPostprocessing = 0;
		};
		9B93FCC22779F9E000803088 /* Frameworks */ = {
			isa = PBXFrameworksBuildPhase;
			buildActionMask = 2147483647;
			files = (
				9CF2090EBECBA521B6C75A28 /* Pods_MyDietDiaryApp_MyDietDiaryAppUITests.framework in Frameworks */,
			);
			runOnlyForDeploymentPostprocessing = 0;
		};
/* End PBXFrameworksBuildPhase section */

/* Begin PBXGroup section */
		8A616C4C6B41F48A9330ECC6 /* Frameworks */ = {
			isa = PBXGroup;
			children = (
				09B3AD4783A7A752B0E71026 /* Pods_MyDietDiaryApp.framework */,
				6BEA8A580D6DFF7CED3E8DF7 /* Pods_MyDietDiaryApp_MyDietDiaryAppUITests.framework */,
				BF6E45962AF6BFD19EBFB58C /* Pods_MyDietDiaryAppTests.framework */,
			);
			name = Frameworks;
			sourceTree = "<group>";
		};
		9B93FC9C2779F9DF00803088 = {
			isa = PBXGroup;
			children = (
				9B93FCA72779F9DF00803088 /* MyDietDiaryApp */,
				9B93FCBE2779F9E000803088 /* MyDietDiaryAppTests */,
				9B93FCC82779F9E000803088 /* MyDietDiaryAppUITests */,
				9B93FCA62779F9DF00803088 /* Products */,
				D61AA03C5E6DDE05DD17BAF1 /* Pods */,
				8A616C4C6B41F48A9330ECC6 /* Frameworks */,
			);
			sourceTree = "<group>";
		};
		9B93FCA62779F9DF00803088 /* Products */ = {
			isa = PBXGroup;
			children = (
				9B93FCA52779F9DF00803088 /* MyDietDiaryApp.app */,
				9B93FCBB2779F9E000803088 /* MyDietDiaryAppTests.xctest */,
				9B93FCC52779F9E000803088 /* MyDietDiaryAppUITests.xctest */,
			);
			name = Products;
			sourceTree = "<group>";
		};
		9B93FCA72779F9DF00803088 /* MyDietDiaryApp */ = {
			isa = PBXGroup;
			children = (
				9B93FCA82779F9DF00803088 /* AppDelegate.swift */,
				9B93FCAA2779F9DF00803088 /* SceneDelegate.swift */,
				9B93FCAC2779F9DF00803088 /* ViewController.swift */,
				9B93FCAE2779F9DF00803088 /* Main.storyboard */,
				9B93FCB12779F9E000803088 /* Assets.xcassets */,
				9B93FCB32779F9E000803088 /* LaunchScreen.storyboard */,
				9B93FCB62779F9E000803088 /* Info.plist */,
				9B93FCD82779FACB00803088 /* MainTabBarController.swift */,
				9B93FCDA2779FBD900803088 /* CalenderViewController.swift */,
				9B93FCDC2779FBFF00803088 /* GraphViewController.swift */,
				9BC4A3E0277D9DB700EDCE33 /* EditorViewController.storyboard */,
				9BC4A3E2277D9E4E00EDCE33 /* EditorViewController.swift */,
				9B3D30872783AC0A00C3B067 /* WeightRecored.swift */,
				9B31B32F27906A0A00741638 /* Date+Extension.swift */,
			);
			path = MyDietDiaryApp;
			sourceTree = "<group>";
		};
		9B93FCBE2779F9E000803088 /* MyDietDiaryAppTests */ = {
			isa = PBXGroup;
			children = (
				9B93FCBF2779F9E000803088 /* MyDietDiaryAppTests.swift */,
			);
			path = MyDietDiaryAppTests;
			sourceTree = "<group>";
		};
		9B93FCC82779F9E000803088 /* MyDietDiaryAppUITests */ = {
			isa = PBXGroup;
			children = (
				9B93FCC92779F9E000803088 /* MyDietDiaryAppUITests.swift */,
				9B93FCCB2779F9E000803088 /* MyDietDiaryAppUITestsLaunchTests.swift */,
			);
			path = MyDietDiaryAppUITests;
			sourceTree = "<group>";
		};
		D61AA03C5E6DDE05DD17BAF1 /* Pods */ = {
			isa = PBXGroup;
			children = (
				3291C423E7C8DF48C59175F7 /* Pods-MyDietDiaryApp.debug.xcconfig */,
				9B258B7A3509117B9878F72D /* Pods-MyDietDiaryApp.release.xcconfig */,
				A672A8BFA68A0AA48876DA00 /* Pods-MyDietDiaryApp-MyDietDiaryAppUITests.debug.xcconfig */,
				65D1182A5BBB69E2396C199C /* Pods-MyDietDiaryApp-MyDietDiaryAppUITests.release.xcconfig */,
				D781A8CB79C1E22C42438A29 /* Pods-MyDietDiaryAppTests.debug.xcconfig */,
				A3631C847A76B6B0A19CF55B /* Pods-MyDietDiaryAppTests.release.xcconfig */,
			);
			path = Pods;
			sourceTree = "<group>";
		};
/* End PBXGroup section */

/* Begin PBXNativeTarget section */
		9B93FCA42779F9DF00803088 /* MyDietDiaryApp */ = {
			isa = PBXNativeTarget;
			buildConfigurationList = 9B93FCCF2779F9E000803088 /* Build configuration list for PBXNativeTarget "MyDietDiaryApp" */;
			buildPhases = (
				05702A35C0DDE064753E3810 /* [CP] Check Pods Manifest.lock */,
				9B93FCA12779F9DF00803088 /* Sources */,
				9B93FCA22779F9DF00803088 /* Frameworks */,
				9B93FCA32779F9DF00803088 /* Resources */,
				196F748D7999C7F46FE7CD9E /* [CP] Embed Pods Frameworks */,
			);
			buildRules = (
			);
			dependencies = (
			);
			name = MyDietDiaryApp;
			productName = MyDietDiaryApp;
			productReference = 9B93FCA52779F9DF00803088 /* MyDietDiaryApp.app */;
			productType = "com.apple.product-type.application";
		};
		9B93FCBA2779F9E000803088 /* MyDietDiaryAppTests */ = {
			isa = PBXNativeTarget;
			buildConfigurationList = 9B93FCD22779F9E000803088 /* Build configuration list for PBXNativeTarget "MyDietDiaryAppTests" */;
			buildPhases = (
				BF79F7C1E7DD4683A95C5EA3 /* [CP] Check Pods Manifest.lock */,
				9B93FCB72779F9E000803088 /* Sources */,
				9B93FCB82779F9E000803088 /* Frameworks */,
				9B93FCB92779F9E000803088 /* Resources */,
			);
			buildRules = (
			);
			dependencies = (
				9B93FCBD2779F9E000803088 /* PBXTargetDependency */,
			);
			name = MyDietDiaryAppTests;
			productName = MyDietDiaryAppTests;
			productReference = 9B93FCBB2779F9E000803088 /* MyDietDiaryAppTests.xctest */;
			productType = "com.apple.product-type.bundle.unit-test";
		};
		9B93FCC42779F9E000803088 /* MyDietDiaryAppUITests */ = {
			isa = PBXNativeTarget;
			buildConfigurationList = 9B93FCD52779F9E000803088 /* Build configuration list for PBXNativeTarget "MyDietDiaryAppUITests" */;
			buildPhases = (
				B2E0833418C4E9FF43A56AB5 /* [CP] Check Pods Manifest.lock */,
				9B93FCC12779F9E000803088 /* Sources */,
				9B93FCC22779F9E000803088 /* Frameworks */,
				9B93FCC32779F9E000803088 /* Resources */,
				44ABC985B842C832DD1AEA3D /* [CP] Embed Pods Frameworks */,
			);
			buildRules = (
			);
			dependencies = (
				9B93FCC72779F9E000803088 /* PBXTargetDependency */,
			);
			name = MyDietDiaryAppUITests;
			productName = MyDietDiaryAppUITests;
			productReference = 9B93FCC52779F9E000803088 /* MyDietDiaryAppUITests.xctest */;
			productType = "com.apple.product-type.bundle.ui-testing";
		};
/* End PBXNativeTarget section */

/* Begin PBXProject section */
		9B93FC9D2779F9DF00803088 /* Project object */ = {
			isa = PBXProject;
			attributes = {
				BuildIndependentTargetsInParallel = 1;
				LastSwiftUpdateCheck = 1310;
				LastUpgradeCheck = 1310;
				TargetAttributes = {
					9B93FCA42779F9DF00803088 = {
						CreatedOnToolsVersion = 13.1;
					};
					9B93FCBA2779F9E000803088 = {
						CreatedOnToolsVersion = 13.1;
						TestTargetID = 9B93FCA42779F9DF00803088;
					};
					9B93FCC42779F9E000803088 = {
						CreatedOnToolsVersion = 13.1;
						TestTargetID = 9B93FCA42779F9DF00803088;
					};
				};
			};
			buildConfigurationList = 9B93FCA02779F9DF00803088 /* Build configuration list for PBXProject "MyDietDiaryApp" */;
			compatibilityVersion = "Xcode 13.0";
			developmentRegion = en;
			hasScannedForEncodings = 0;
			knownRegions = (
				en,
				Base,
			);
			mainGroup = 9B93FC9C2779F9DF00803088;
			productRefGroup = 9B93FCA62779F9DF00803088 /* Products */;
			projectDirPath = "";
			projectRoot = "";
			targets = (
				9B93FCA42779F9DF00803088 /* MyDietDiaryApp */,
				9B93FCBA2779F9E000803088 /* MyDietDiaryAppTests */,
				9B93FCC42779F9E000803088 /* MyDietDiaryAppUITests */,
			);
		};
/* End PBXProject section */

/* Begin PBXResourcesBuildPhase section */
		9B93FCA32779F9DF00803088 /* Resources */ = {
			isa = PBXResourcesBuildPhase;
			buildActionMask = 2147483647;
			files = (
				9BC4A3E1277D9DB700EDCE33 /* EditorViewController.storyboard in Resources */,
				9B93FCB52779F9E000803088 /* LaunchScreen.storyboard in Resources */,
				9B93FCB22779F9E000803088 /* Assets.xcassets in Resources */,
				9B93FCB02779F9DF00803088 /* Main.storyboard in Resources */,
			);
			runOnlyForDeploymentPostprocessing = 0;
		};
		9B93FCB92779F9E000803088 /* Resources */ = {
			isa = PBXResourcesBuildPhase;
			buildActionMask = 2147483647;
			files = (
			);
			runOnlyForDeploymentPostprocessing = 0;
		};
		9B93FCC32779F9E000803088 /* Resources */ = {
			isa = PBXResourcesBuildPhase;
			buildActionMask = 2147483647;
			files = (
			);
			runOnlyForDeploymentPostprocessing = 0;
		};
/* End PBXResourcesBuildPhase section */

/* Begin PBXShellScriptBuildPhase section */
		05702A35C0DDE064753E3810 /* [CP] Check Pods Manifest.lock */ = {
			isa = PBXShellScriptBuildPhase;
			buildActionMask = 2147483647;
			files = (
			);
			inputFileListPaths = (
			);
			inputPaths = (
				"${PODS_PODFILE_DIR_PATH}/Podfile.lock",
				"${PODS_ROOT}/Manifest.lock",
			);
			name = "[CP] Check Pods Manifest.lock";
			outputFileListPaths = (
			);
			outputPaths = (
				"$(DERIVED_FILE_DIR)/Pods-MyDietDiaryApp-checkManifestLockResult.txt",
			);
			runOnlyForDeploymentPostprocessing = 0;
			shellPath = /bin/sh;
			shellScript = "diff \"${PODS_PODFILE_DIR_PATH}/Podfile.lock\" \"${PODS_ROOT}/Manifest.lock\" > /dev/null\nif [ $? != 0 ] ; then\n    # print error to STDERR\n    echo \"error: The sandbox is not in sync with the Podfile.lock. Run 'pod install' or update your CocoaPods installation.\" >&2\n    exit 1\nfi\n# This output is used by Xcode 'outputs' to avoid re-running this script phase.\necho \"SUCCESS\" > \"${SCRIPT_OUTPUT_FILE_0}\"\n";
			showEnvVarsInLog = 0;
		};
		196F748D7999C7F46FE7CD9E /* [CP] Embed Pods Frameworks */ = {
			isa = PBXShellScriptBuildPhase;
			buildActionMask = 2147483647;
			files = (
			);
			inputFileListPaths = (
				"${PODS_ROOT}/Target Support Files/Pods-MyDietDiaryApp/Pods-MyDietDiaryApp-frameworks-${CONFIGURATION}-input-files.xcfilelist",
			);
			name = "[CP] Embed Pods Frameworks";
			outputFileListPaths = (
				"${PODS_ROOT}/Target Support Files/Pods-MyDietDiaryApp/Pods-MyDietDiaryApp-frameworks-${CONFIGURATION}-output-files.xcfilelist",
			);
			runOnlyForDeploymentPostprocessing = 0;
			shellPath = /bin/sh;
			shellScript = "\"${PODS_ROOT}/Target Support Files/Pods-MyDietDiaryApp/Pods-MyDietDiaryApp-frameworks.sh\"\n";
			showEnvVarsInLog = 0;
		};
		44ABC985B842C832DD1AEA3D /* [CP] Embed Pods Frameworks */ = {
			isa = PBXShellScriptBuildPhase;
			buildActionMask = 2147483647;
			files = (
			);
			inputFileListPaths = (
				"${PODS_ROOT}/Target Support Files/Pods-MyDietDiaryApp-MyDietDiaryAppUITests/Pods-MyDietDiaryApp-MyDietDiaryAppUITests-frameworks-${CONFIGURATION}-input-files.xcfilelist",
			);
			name = "[CP] Embed Pods Frameworks";
			outputFileListPaths = (
				"${PODS_ROOT}/Target Support Files/Pods-MyDietDiaryApp-MyDietDiaryAppUITests/Pods-MyDietDiaryApp-MyDietDiaryAppUITests-frameworks-${CONFIGURATION}-output-files.xcfilelist",
			);
			runOnlyForDeploymentPostprocessing = 0;
			shellPath = /bin/sh;
			shellScript = "\"${PODS_ROOT}/Target Support Files/Pods-MyDietDiaryApp-MyDietDiaryAppUITests/Pods-MyDietDiaryApp-MyDietDiaryAppUITests-frameworks.sh\"\n";
			showEnvVarsInLog = 0;
		};
		B2E0833418C4E9FF43A56AB5 /* [CP] Check Pods Manifest.lock */ = {
			isa = PBXShellScriptBuildPhase;
			buildActionMask = 2147483647;
			files = (
			);
			inputFileListPaths = (
			);
			inputPaths = (
				"${PODS_PODFILE_DIR_PATH}/Podfile.lock",
				"${PODS_ROOT}/Manifest.lock",
			);
			name = "[CP] Check Pods Manifest.lock";
			outputFileListPaths = (
			);
			outputPaths = (
				"$(DERIVED_FILE_DIR)/Pods-MyDietDiaryApp-MyDietDiaryAppUITests-checkManifestLockResult.txt",
			);
			runOnlyForDeploymentPostprocessing = 0;
			shellPath = /bin/sh;
			shellScript = "diff \"${PODS_PODFILE_DIR_PATH}/Podfile.lock\" \"${PODS_ROOT}/Manifest.lock\" > /dev/null\nif [ $? != 0 ] ; then\n    # print error to STDERR\n    echo \"error: The sandbox is not in sync with the Podfile.lock. Run 'pod install' or update your CocoaPods installation.\" >&2\n    exit 1\nfi\n# This output is used by Xcode 'outputs' to avoid re-running this script phase.\necho \"SUCCESS\" > \"${SCRIPT_OUTPUT_FILE_0}\"\n";
			showEnvVarsInLog = 0;
		};
		BF79F7C1E7DD4683A95C5EA3 /* [CP] Check Pods Manifest.lock */ = {
			isa = PBXShellScriptBuildPhase;
			buildActionMask = 2147483647;
			files = (
			);
			inputFileListPaths = (
			);
			inputPaths = (
				"${PODS_PODFILE_DIR_PATH}/Podfile.lock",
				"${PODS_ROOT}/Manifest.lock",
			);
			name = "[CP] Check Pods Manifest.lock";
			outputFileListPaths = (
			);
			outputPaths = (
				"$(DERIVED_FILE_DIR)/Pods-MyDietDiaryAppTests-checkManifestLockResult.txt",
			);
			runOnlyForDeploymentPostprocessing = 0;
			shellPath = /bin/sh;
			shellScript = "diff \"${PODS_PODFILE_DIR_PATH}/Podfile.lock\" \"${PODS_ROOT}/Manifest.lock\" > /dev/null\nif [ $? != 0 ] ; then\n    # print error to STDERR\n    echo \"error: The sandbox is not in sync with the Podfile.lock. Run 'pod install' or update your CocoaPods installation.\" >&2\n    exit 1\nfi\n# This output is used by Xcode 'outputs' to avoid re-running this script phase.\necho \"SUCCESS\" > \"${SCRIPT_OUTPUT_FILE_0}\"\n";
			showEnvVarsInLog = 0;
		};
/* End PBXShellScriptBuildPhase section */

/* Begin PBXSourcesBuildPhase section */
		9B93FCA12779F9DF00803088 /* Sources */ = {
			isa = PBXSourcesBuildPhase;
			buildActionMask = 2147483647;
			files = (
				9B93FCDB2779FBD900803088 /* CalenderViewController.swift in Sources */,
				9B93FCAD2779F9DF00803088 /* ViewController.swift in Sources */,
				9B3D30882783AC0A00C3B067 /* WeightRecored.swift in Sources */,
				9B93FCA92779F9DF00803088 /* AppDelegate.swift in Sources */,
				9B93FCDD2779FBFF00803088 /* GraphViewController.swift in Sources */,
				9B93FCD92779FACB00803088 /* MainTabBarController.swift in Sources */,
				9B93FCAB2779F9DF00803088 /* SceneDelegate.swift in Sources */,
				9BC4A3E3277D9E4E00EDCE33 /* EditorViewController.swift in Sources */,
				9B31B33027906A0A00741638 /* Date+Extension.swift in Sources */,
			);
			runOnlyForDeploymentPostprocessing = 0;
		};
		9B93FCB72779F9E000803088 /* Sources */ = {
			isa = PBXSourcesBuildPhase;
			buildActionMask = 2147483647;
			files = (
				9B93FCC02779F9E000803088 /* MyDietDiaryAppTests.swift in Sources */,
			);
			runOnlyForDeploymentPostprocessing = 0;
		};
		9B93FCC12779F9E000803088 /* Sources */ = {
			isa = PBXSourcesBuildPhase;
			buildActionMask = 2147483647;
			files = (
				9B93FCCC2779F9E000803088 /* MyDietDiaryAppUITestsLaunchTests.swift in Sources */,
				9B93FCCA2779F9E000803088 /* MyDietDiaryAppUITests.swift in Sources */,
			);
			runOnlyForDeploymentPostprocessing = 0;
		};
/* End PBXSourcesBuildPhase section */

/* Begin PBXTargetDependency section */
		9B93FCBD2779F9E000803088 /* PBXTargetDependency */ = {
			isa = PBXTargetDependency;
			target = 9B93FCA42779F9DF00803088 /* MyDietDiaryApp */;
			targetProxy = 9B93FCBC2779F9E000803088 /* PBXContainerItemProxy */;
		};
		9B93FCC72779F9E000803088 /* PBXTargetDependency */ = {
			isa = PBXTargetDependency;
			target = 9B93FCA42779F9DF00803088 /* MyDietDiaryApp */;
			targetProxy = 9B93FCC62779F9E000803088 /* PBXContainerItemProxy */;
		};
/* End PBXTargetDependency section */

/* Begin PBXVariantGroup section */
		9B93FCAE2779F9DF00803088 /* Main.storyboard */ = {
			isa = PBXVariantGroup;
			children = (
				9B93FCAF2779F9DF00803088 /* Base */,
			);
			name = Main.storyboard;
			sourceTree = "<group>";
		};
		9B93FCB32779F9E000803088 /* LaunchScreen.storyboard */ = {
			isa = PBXVariantGroup;
			children = (
				9B93FCB42779F9E000803088 /* Base */,
			);
			name = LaunchScreen.storyboard;
			sourceTree = "<group>";
		};
/* End PBXVariantGroup section */

/* Begin XCBuildConfiguration section */
		9B93FCCD2779F9E000803088 /* Debug */ = {
			isa = XCBuildConfiguration;
			buildSettings = {
				ALWAYS_SEARCH_USER_PATHS = NO;
				CLANG_ANALYZER_NONNULL = YES;
				CLANG_ANALYZER_NUMBER_OBJECT_CONVERSION = YES_AGGRESSIVE;
				CLANG_CXX_LANGUAGE_STANDARD = "gnu++17";
				CLANG_CXX_LIBRARY = "libc++";
				CLANG_ENABLE_MODULES = YES;
				CLANG_ENABLE_OBJC_ARC = YES;
				CLANG_ENABLE_OBJC_WEAK = YES;
				CLANG_WARN_BLOCK_CAPTURE_AUTORELEASING = YES;
				CLANG_WARN_BOOL_CONVERSION = YES;
				CLANG_WARN_COMMA = YES;
				CLANG_WARN_CONSTANT_CONVERSION = YES;
				CLANG_WARN_DEPRECATED_OBJC_IMPLEMENTATIONS = YES;
				CLANG_WARN_DIRECT_OBJC_ISA_USAGE = YES_ERROR;
				CLANG_WARN_DOCUMENTATION_COMMENTS = YES;
				CLANG_WARN_EMPTY_BODY = YES;
				CLANG_WARN_ENUM_CONVERSION = YES;
				CLANG_WARN_INFINITE_RECURSION = YES;
				CLANG_WARN_INT_CONVERSION = YES;
				CLANG_WARN_NON_LITERAL_NULL_CONVERSION = YES;
				CLANG_WARN_OBJC_IMPLICIT_RETAIN_SELF = YES;
				CLANG_WARN_OBJC_LITERAL_CONVERSION = YES;
				CLANG_WARN_OBJC_ROOT_CLASS = YES_ERROR;
				CLANG_WARN_QUOTED_INCLUDE_IN_FRAMEWORK_HEADER = YES;
				CLANG_WARN_RANGE_LOOP_ANALYSIS = YES;
				CLANG_WARN_STRICT_PROTOTYPES = YES;
				CLANG_WARN_SUSPICIOUS_MOVE = YES;
				CLANG_WARN_UNGUARDED_AVAILABILITY = YES_AGGRESSIVE;
				CLANG_WARN_UNREACHABLE_CODE = YES;
				CLANG_WARN__DUPLICATE_METHOD_MATCH = YES;
				COPY_PHASE_STRIP = NO;
				DEBUG_INFORMATION_FORMAT = dwarf;
				ENABLE_STRICT_OBJC_MSGSEND = YES;
				ENABLE_TESTABILITY = YES;
				GCC_C_LANGUAGE_STANDARD = gnu11;
				GCC_DYNAMIC_NO_PIC = NO;
				GCC_NO_COMMON_BLOCKS = YES;
				GCC_OPTIMIZATION_LEVEL = 0;
				GCC_PREPROCESSOR_DEFINITIONS = (
					"DEBUG=1",
					"$(inherited)",
				);
				GCC_WARN_64_TO_32_BIT_CONVERSION = YES;
				GCC_WARN_ABOUT_RETURN_TYPE = YES_ERROR;
				GCC_WARN_UNDECLARED_SELECTOR = YES;
				GCC_WARN_UNINITIALIZED_AUTOS = YES_AGGRESSIVE;
				GCC_WARN_UNUSED_FUNCTION = YES;
				GCC_WARN_UNUSED_VARIABLE = YES;
				IPHONEOS_DEPLOYMENT_TARGET = 15.0;
				MTL_ENABLE_DEBUG_INFO = INCLUDE_SOURCE;
				MTL_FAST_MATH = YES;
				ONLY_ACTIVE_ARCH = YES;
				SDKROOT = iphoneos;
				SWIFT_ACTIVE_COMPILATION_CONDITIONS = DEBUG;
				SWIFT_OPTIMIZATION_LEVEL = "-Onone";
			};
			name = Debug;
		};
		9B93FCCE2779F9E000803088 /* Release */ = {
			isa = XCBuildConfiguration;
			buildSettings = {
				ALWAYS_SEARCH_USER_PATHS = NO;
				CLANG_ANALYZER_NONNULL = YES;
				CLANG_ANALYZER_NUMBER_OBJECT_CONVERSION = YES_AGGRESSIVE;
				CLANG_CXX_LANGUAGE_STANDARD = "gnu++17";
				CLANG_CXX_LIBRARY = "libc++";
				CLANG_ENABLE_MODULES = YES;
				CLANG_ENABLE_OBJC_ARC = YES;
				CLANG_ENABLE_OBJC_WEAK = YES;
				CLANG_WARN_BLOCK_CAPTURE_AUTORELEASING = YES;
				CLANG_WARN_BOOL_CONVERSION = YES;
				CLANG_WARN_COMMA = YES;
				CLANG_WARN_CONSTANT_CONVERSION = YES;
				CLANG_WARN_DEPRECATED_OBJC_IMPLEMENTATIONS = YES;
				CLANG_WARN_DIRECT_OBJC_ISA_USAGE = YES_ERROR;
				CLANG_WARN_DOCUMENTATION_COMMENTS = YES;
				CLANG_WARN_EMPTY_BODY = YES;
				CLANG_WARN_ENUM_CONVERSION = YES;
				CLANG_WARN_INFINITE_RECURSION = YES;
				CLANG_WARN_INT_CONVERSION = YES;
				CLANG_WARN_NON_LITERAL_NULL_CONVERSION = YES;
				CLANG_WARN_OBJC_IMPLICIT_RETAIN_SELF = YES;
				CLANG_WARN_OBJC_LITERAL_CONVERSION = YES;
				CLANG_WARN_OBJC_ROOT_CLASS = YES_ERROR;
				CLANG_WARN_QUOTED_INCLUDE_IN_FRAMEWORK_HEADER = YES;
				CLANG_WARN_RANGE_LOOP_ANALYSIS = YES;
				CLANG_WARN_STRICT_PROTOTYPES = YES;
				CLANG_WARN_SUSPICIOUS_MOVE = YES;
				CLANG_WARN_UNGUARDED_AVAILABILITY = YES_AGGRESSIVE;
				CLANG_WARN_UNREACHABLE_CODE = YES;
				CLANG_WARN__DUPLICATE_METHOD_MATCH = YES;
				COPY_PHASE_STRIP = NO;
				DEBUG_INFORMATION_FORMAT = "dwarf-with-dsym";
				ENABLE_NS_ASSERTIONS = NO;
				ENABLE_STRICT_OBJC_MSGSEND = YES;
				GCC_C_LANGUAGE_STANDARD = gnu11;
				GCC_NO_COMMON_BLOCKS = YES;
				GCC_WARN_64_TO_32_BIT_CONVERSION = YES;
				GCC_WARN_ABOUT_RETURN_TYPE = YES_ERROR;
				GCC_WARN_UNDECLARED_SELECTOR = YES;
				GCC_WARN_UNINITIALIZED_AUTOS = YES_AGGRESSIVE;
				GCC_WARN_UNUSED_FUNCTION = YES;
				GCC_WARN_UNUSED_VARIABLE = YES;
				IPHONEOS_DEPLOYMENT_TARGET = 15.0;
				MTL_ENABLE_DEBUG_INFO = NO;
				MTL_FAST_MATH = YES;
				SDKROOT = iphoneos;
				SWIFT_COMPILATION_MODE = wholemodule;
				SWIFT_OPTIMIZATION_LEVEL = "-O";
				VALIDATE_PRODUCT = YES;
			};
			name = Release;
		};
		9B93FCD02779F9E000803088 /* Debug */ = {
			isa = XCBuildConfiguration;
			baseConfigurationReference = 3291C423E7C8DF48C59175F7 /* Pods-MyDietDiaryApp.debug.xcconfig */;
			buildSettings = {
				ASSETCATALOG_COMPILER_APPICON_NAME = AppIcon;
				ASSETCATALOG_COMPILER_GLOBAL_ACCENT_COLOR_NAME = AccentColor;
				CODE_SIGN_STYLE = Automatic;
				CURRENT_PROJECT_VERSION = 1;
				DEVELOPMENT_TEAM = JUG5Q2JKZC;
				GENERATE_INFOPLIST_FILE = YES;
				INFOPLIST_FILE = MyDietDiaryApp/Info.plist;
				INFOPLIST_KEY_UIApplicationSupportsIndirectInputEvents = YES;
				INFOPLIST_KEY_UILaunchStoryboardName = LaunchScreen;
				INFOPLIST_KEY_UIMainStoryboardFile = Main;
				INFOPLIST_KEY_UISupportedInterfaceOrientations_iPad = "UIInterfaceOrientationPortrait UIInterfaceOrientationPortraitUpsideDown UIInterfaceOrientationLandscapeLeft UIInterfaceOrientationLandscapeRight";
				INFOPLIST_KEY_UISupportedInterfaceOrientations_iPhone = "UIInterfaceOrientationPortrait UIInterfaceOrientationLandscapeLeft UIInterfaceOrientationLandscapeRight";
				IPHONEOS_DEPLOYMENT_TARGET = 14.2;
				LD_RUNPATH_SEARCH_PATHS = (
					"$(inherited)",
					"@executable_path/Frameworks",
				);
				MARKETING_VERSION = 1.0;
				PRODUCT_BUNDLE_IDENTIFIER = com.app.swift.MyDietDiaryApp;
				PRODUCT_NAME = "$(TARGET_NAME)";
				SWIFT_EMIT_LOC_STRINGS = YES;
				SWIFT_VERSION = 5.0;
				TARGETED_DEVICE_FAMILY = 1;
			};
			name = Debug;
		};
		9B93FCD12779F9E000803088 /* Release */ = {
			isa = XCBuildConfiguration;
			baseConfigurationReference = 9B258B7A3509117B9878F72D /* Pods-MyDietDiaryApp.release.xcconfig */;
			buildSettings = {
				ASSETCATALOG_COMPILER_APPICON_NAME = AppIcon;
				ASSETCATALOG_COMPILER_GLOBAL_ACCENT_COLOR_NAME = AccentColor;
				CODE_SIGN_STYLE = Automatic;
				CURRENT_PROJECT_VERSION = 1;
				DEVELOPMENT_TEAM = JUG5Q2JKZC;
				GENERATE_INFOPLIST_FILE = YES;
				INFOPLIST_FILE = MyDietDiaryApp/Info.plist;
				INFOPLIST_KEY_UIApplicationSupportsIndirectInputEvents = YES;
				INFOPLIST_KEY_UILaunchStoryboardName = LaunchScreen;
				INFOPLIST_KEY_UIMainStoryboardFile = Main;
				INFOPLIST_KEY_UISupportedInterfaceOrientations_iPad = "UIInterfaceOrientationPortrait UIInterfaceOrientationPortraitUpsideDown UIInterfaceOrientationLandscapeLeft UIInterfaceOrientationLandscapeRight";
				INFOPLIST_KEY_UISupportedInterfaceOrientations_iPhone = "UIInterfaceOrientationPortrait UIInterfaceOrientationLandscapeLeft UIInterfaceOrientationLandscapeRight";
				IPHONEOS_DEPLOYMENT_TARGET = 14.2;
				LD_RUNPATH_SEARCH_PATHS = (
					"$(inherited)",
					"@executable_path/Frameworks",
				);
				MARKETING_VERSION = 1.0;
				PRODUCT_BUNDLE_IDENTIFIER = com.app.swift.MyDietDiaryApp;
				PRODUCT_NAME = "$(TARGET_NAME)";
				SWIFT_EMIT_LOC_STRINGS = YES;
				SWIFT_VERSION = 5.0;
				TARGETED_DEVICE_FAMILY = 1;
			};
			name = Release;
		};
		9B93FCD32779F9E000803088 /* Debug */ = {
			isa = XCBuildConfiguration;
			baseConfigurationReference = D781A8CB79C1E22C42438A29 /* Pods-MyDietDiaryAppTests.debug.xcconfig */;
			buildSettings = {
				ALWAYS_EMBED_SWIFT_STANDARD_LIBRARIES = YES;
				BUNDLE_LOADER = "$(TEST_HOST)";
				CODE_SIGN_STYLE = Automatic;
				CURRENT_PROJECT_VERSION = 1;
				DEVELOPMENT_TEAM = JUG5Q2JKZC;
				GENERATE_INFOPLIST_FILE = YES;
				IPHONEOS_DEPLOYMENT_TARGET = 15.0;
				LD_RUNPATH_SEARCH_PATHS = (
					"$(inherited)",
					"@executable_path/Frameworks",
					"@loader_path/Frameworks",
				);
				MARKETING_VERSION = 1.0;
				PRODUCT_BUNDLE_IDENTIFIER = com.app.swift.MyDietDiaryAppTests;
				PRODUCT_NAME = "$(TARGET_NAME)";
				SWIFT_EMIT_LOC_STRINGS = NO;
				SWIFT_VERSION = 5.0;
				TARGETED_DEVICE_FAMILY = "1,2";
				TEST_HOST = "$(BUILT_PRODUCTS_DIR)/MyDietDiaryApp.app/MyDietDiaryApp";
			};
			name = Debug;
		};
		9B93FCD42779F9E000803088 /* Release */ = {
			isa = XCBuildConfiguration;
			baseConfigurationReference = A3631C847A76B6B0A19CF55B /* Pods-MyDietDiaryAppTests.release.xcconfig */;
			buildSettings = {
				ALWAYS_EMBED_SWIFT_STANDARD_LIBRARIES = YES;
				BUNDLE_LOADER = "$(TEST_HOST)";
				CODE_SIGN_STYLE = Automatic;
				CURRENT_PROJECT_VERSION = 1;
				DEVELOPMENT_TEAM = JUG5Q2JKZC;
				GENERATE_INFOPLIST_FILE = YES;
				IPHONEOS_DEPLOYMENT_TARGET = 15.0;
				LD_RUNPATH_SEARCH_PATHS = (
					"$(inherited)",
					"@executable_path/Frameworks",
					"@loader_path/Frameworks",
				);
				MARKETING_VERSION = 1.0;
				PRODUCT_BUNDLE_IDENTIFIER = com.app.swift.MyDietDiaryAppTests;
				PRODUCT_NAME = "$(TARGET_NAME)";
				SWIFT_EMIT_LOC_STRINGS = NO;
				SWIFT_VERSION = 5.0;
				TARGETED_DEVICE_FAMILY = "1,2";
				TEST_HOST = "$(BUILT_PRODUCTS_DIR)/MyDietDiaryApp.app/MyDietDiaryApp";
			};
			name = Release;
		};
		9B93FCD62779F9E000803088 /* Debug */ = {
			isa = XCBuildConfiguration;
			baseConfigurationReference = A672A8BFA68A0AA48876DA00 /* Pods-MyDietDiaryApp-MyDietDiaryAppUITests.debug.xcconfig */;
			buildSettings = {
				ALWAYS_EMBED_SWIFT_STANDARD_LIBRARIES = YES;
				CODE_SIGN_STYLE = Automatic;
				CURRENT_PROJECT_VERSION = 1;
				DEVELOPMENT_TEAM = JUG5Q2JKZC;
				GENERATE_INFOPLIST_FILE = YES;
				LD_RUNPATH_SEARCH_PATHS = (
					"$(inherited)",
					"@executable_path/Frameworks",
					"@loader_path/Frameworks",
				);
				MARKETING_VERSION = 1.0;
				PRODUCT_BUNDLE_IDENTIFIER = com.app.swift.MyDietDiaryAppUITests;
				PRODUCT_NAME = "$(TARGET_NAME)";
				SWIFT_EMIT_LOC_STRINGS = NO;
				SWIFT_VERSION = 5.0;
				TARGETED_DEVICE_FAMILY = "1,2";
				TEST_TARGET_NAME = MyDietDiaryApp;
			};
			name = Debug;
		};
		9B93FCD72779F9E000803088 /* Release */ = {
			isa = XCBuildConfiguration;
			baseConfigurationReference = 65D1182A5BBB69E2396C199C /* Pods-MyDietDiaryApp-MyDietDiaryAppUITests.release.xcconfig */;
			buildSettings = {
				ALWAYS_EMBED_SWIFT_STANDARD_LIBRARIES = YES;
				CODE_SIGN_STYLE = Automatic;
				CURRENT_PROJECT_VERSION = 1;
				DEVELOPMENT_TEAM = JUG5Q2JKZC;
				GENERATE_INFOPLIST_FILE = YES;
				LD_RUNPATH_SEARCH_PATHS = (
					"$(inherited)",
					"@executable_path/Frameworks",
					"@loader_path/Frameworks",
				);
				MARKETING_VERSION = 1.0;
				PRODUCT_BUNDLE_IDENTIFIER = com.app.swift.MyDietDiaryAppUITests;
				PRODUCT_NAME = "$(TARGET_NAME)";
				SWIFT_EMIT_LOC_STRINGS = NO;
				SWIFT_VERSION = 5.0;
				TARGETED_DEVICE_FAMILY = "1,2";
				TEST_TARGET_NAME = MyDietDiaryApp;
			};
			name = Release;
		};
/* End XCBuildConfiguration section */

/* Begin XCConfigurationList section */
		9B93FCA02779F9DF00803088 /* Build configuration list for PBXProject "MyDietDiaryApp" */ = {
			isa = XCConfigurationList;
			buildConfigurations = (
				9B93FCCD2779F9E000803088 /* Debug */,
				9B93FCCE2779F9E000803088 /* Release */,
			);
			defaultConfigurationIsVisible = 0;
			defaultConfigurationName = Release;
		};
		9B93FCCF2779F9E000803088 /* Build configuration list for PBXNativeTarget "MyDietDiaryApp" */ = {
			isa = XCConfigurationList;
			buildConfigurations = (
				9B93FCD02779F9E000803088 /* Debug */,
				9B93FCD12779F9E000803088 /* Release */,
			);
			defaultConfigurationIsVisible = 0;
			defaultConfigurationName = Release;
		};
		9B93FCD22779F9E000803088 /* Build configuration list for PBXNativeTarget "MyDietDiaryAppTests" */ = {
			isa = XCConfigurationList;
			buildConfigurations = (
				9B93FCD32779F9E000803088 /* Debug */,
				9B93FCD42779F9E000803088 /* Release */,
			);
			defaultConfigurationIsVisible = 0;
			defaultConfigurationName = Release;
		};
		9B93FCD52779F9E000803088 /* Build configuration list for PBXNativeTarget "MyDietDiaryAppUITests" */ = {
			isa = XCConfigurationList;
			buildConfigurations = (
				9B93FCD62779F9E000803088 /* Debug */,
				9B93FCD72779F9E000803088 /* Release */,
			);
			defaultConfigurationIsVisible = 0;
			defaultConfigurationName = Release;
		};
/* End XCConfigurationList section */
	};
	rootObject = 9B93FC9D2779F9DF00803088 /* Project object */;
}
